// !$*UTF8*$!
{
	archiveVersion = 1;
	classes = {
	};
	objectVersion = 56;
	objects = {

/* Begin PBXBuildFile section */
		143B0AF62BF59EBC0028D919 /* ListCollectionViewCell.swift in Sources */ = {isa = PBXBuildFile; fileRef = 143B0AF52BF59EBC0028D919 /* ListCollectionViewCell.swift */; };
		143B0AF82BF59F830028D919 /* ListVIewModel.swift in Sources */ = {isa = PBXBuildFile; fileRef = 143B0AF72BF59F830028D919 /* ListVIewModel.swift */; };
		14450E9F2BF45381006A02F7 /* RecentSearchTableViewCell.swift in Sources */ = {isa = PBXBuildFile; fileRef = 14450E9E2BF45381006A02F7 /* RecentSearchTableViewCell.swift */; };
		14450EA12BF45962006A02F7 /* Extension.swift in Sources */ = {isa = PBXBuildFile; fileRef = 14450EA02BF45962006A02F7 /* Extension.swift */; };
		14450EA32BF474FC006A02F7 /* PaddingLabel.swift in Sources */ = {isa = PBXBuildFile; fileRef = 14450EA22BF474FC006A02F7 /* PaddingLabel.swift */; };
		1445AF532BF2F0630018AE3F /* RAMAnimatedTabBarController in Frameworks */ = {isa = PBXBuildFile; productRef = 1445AF522BF2F0630018AE3F /* RAMAnimatedTabBarController */; };
		1445AF552BF2F5D40018AE3F /* CustomBounceAnimation.swift in Sources */ = {isa = PBXBuildFile; fileRef = 1445AF542BF2F5D40018AE3F /* CustomBounceAnimation.swift */; };
		1445AF582BF3203E0018AE3F /* RxCocoa in Frameworks */ = {isa = PBXBuildFile; productRef = 1445AF572BF3203E0018AE3F /* RxCocoa */; };
		1445AF5A2BF3203E0018AE3F /* RxSwift in Frameworks */ = {isa = PBXBuildFile; productRef = 1445AF592BF3203E0018AE3F /* RxSwift */; };
		1445AF5D2BF32C5A0018AE3F /* RelatedSearchTableViewCell.swift in Sources */ = {isa = PBXBuildFile; fileRef = 1445AF5C2BF32C5A0018AE3F /* RelatedSearchTableViewCell.swift */; };
		1445AF602BF32F7E0018AE3F /* DataSource.swift in Sources */ = {isa = PBXBuildFile; fileRef = 1445AF5F2BF32F7E0018AE3F /* DataSource.swift */; };
		1445AF652BF350CA0018AE3F /* SearchModel.swift in Sources */ = {isa = PBXBuildFile; fileRef = 1445AF642BF350CA0018AE3F /* SearchModel.swift */; };
		1445AF672BF3631D0018AE3F /* SectionHeaderView.swift in Sources */ = {isa = PBXBuildFile; fileRef = 1445AF662BF3631D0018AE3F /* SectionHeaderView.swift */; };
		1445AF692BF3784E0018AE3F /* State.swift in Sources */ = {isa = PBXBuildFile; fileRef = 1445AF682BF3784E0018AE3F /* State.swift */; };
		146580CB2BF1E7EA0093AA81 /* AppDelegate.swift in Sources */ = {isa = PBXBuildFile; fileRef = 146580CA2BF1E7EA0093AA81 /* AppDelegate.swift */; };
		146580CD2BF1E7EA0093AA81 /* SceneDelegate.swift in Sources */ = {isa = PBXBuildFile; fileRef = 146580CC2BF1E7EA0093AA81 /* SceneDelegate.swift */; };
		146580D42BF1E7EB0093AA81 /* Assets.xcassets in Resources */ = {isa = PBXBuildFile; fileRef = 146580D32BF1E7EB0093AA81 /* Assets.xcassets */; };
		146580D72BF1E7EB0093AA81 /* Base in Resources */ = {isa = PBXBuildFile; fileRef = 146580D62BF1E7EB0093AA81 /* Base */; };
		146580DF2BF1E8160093AA81 /* TabViewController.swift in Sources */ = {isa = PBXBuildFile; fileRef = 146580DE2BF1E8160093AA81 /* TabViewController.swift */; };
		146580E42BF1E8590093AA81 /* TabViewModel.swift in Sources */ = {isa = PBXBuildFile; fileRef = 146580E32BF1E8590093AA81 /* TabViewModel.swift */; };
		146580E62BF1E8740093AA81 /* TabModel.swift in Sources */ = {isa = PBXBuildFile; fileRef = 146580E52BF1E8740093AA81 /* TabModel.swift */; };
		146580E82BF1E8960093AA81 /* HomeViewController.swift in Sources */ = {isa = PBXBuildFile; fileRef = 146580E72BF1E8960093AA81 /* HomeViewController.swift */; };
		146580EA2BF1E8B00093AA81 /* ListViewController.swift in Sources */ = {isa = PBXBuildFile; fileRef = 146580E92BF1E8B00093AA81 /* ListViewController.swift */; };
		146580ED2BF1E8D10093AA81 /* SearchViewController.swift in Sources */ = {isa = PBXBuildFile; fileRef = 146580EC2BF1E8D10093AA81 /* SearchViewController.swift */; };
		146580EF2BF1E8EF0093AA81 /* AlarmViewController.swift in Sources */ = {isa = PBXBuildFile; fileRef = 146580EE2BF1E8EF0093AA81 /* AlarmViewController.swift */; };
		146580F32BF1EB3E0093AA81 /* SnapKit in Frameworks */ = {isa = PBXBuildFile; productRef = 146580F22BF1EB3E0093AA81 /* SnapKit */; };
		146580F52BF1EB3E0093AA81 /* SnapKit-Dynamic in Frameworks */ = {isa = PBXBuildFile; productRef = 146580F42BF1EB3E0093AA81 /* SnapKit-Dynamic */; };
		146580F82BF1EB4D0093AA81 /* Alamofire in Frameworks */ = {isa = PBXBuildFile; productRef = 146580F72BF1EB4D0093AA81 /* Alamofire */; };
		146580FA2BF1EB4D0093AA81 /* AlamofireDynamic in Frameworks */ = {isa = PBXBuildFile; productRef = 146580F92BF1EB4D0093AA81 /* AlamofireDynamic */; };
		146580FD2BF1F1770093AA81 /* WebServiceManager.swift in Sources */ = {isa = PBXBuildFile; fileRef = 146580FC2BF1F1770093AA81 /* WebServiceManager.swift */; };
		146580FF2BF1F1C30093AA81 /* ApiModel.swift in Sources */ = {isa = PBXBuildFile; fileRef = 146580FE2BF1F1C30093AA81 /* ApiModel.swift */; };
		146581032BF1FB8B0093AA81 /* SearchViewModel.swift in Sources */ = {isa = PBXBuildFile; fileRef = 146581022BF1FB8B0093AA81 /* SearchViewModel.swift */; };
		146581052BF21EC40093AA81 /* WeatherAPIModel.swift in Sources */ = {isa = PBXBuildFile; fileRef = 146581042BF21EC40093AA81 /* WeatherAPIModel.swift */; };
		146581072BF240AF0093AA81 /* KakaoAddressModel.swift in Sources */ = {isa = PBXBuildFile; fileRef = 146581062BF240AF0093AA81 /* KakaoAddressModel.swift */; };
		1475CFB62BF7015900D0F920 /* CurrentWeatherTableViewCell.swift in Sources */ = {isa = PBXBuildFile; fileRef = 1475CFB52BF7015900D0F920 /* CurrentWeatherTableViewCell.swift */; };
		147EF86C2BF62AE4000DC8A8 /* TempListViewController.swift in Sources */ = {isa = PBXBuildFile; fileRef = 147EF86B2BF62AE4000DC8A8 /* TempListViewController.swift */; };
		147EF86E2BF62AF4000DC8A8 /* TempListViewModel.swift in Sources */ = {isa = PBXBuildFile; fileRef = 147EF86D2BF62AF4000DC8A8 /* TempListViewModel.swift */; };
		147EF8702BF62F1B000DC8A8 /* ListTableViewCell.swift in Sources */ = {isa = PBXBuildFile; fileRef = 147EF86F2BF62F1B000DC8A8 /* ListTableViewCell.swift */; };
		147EF8722BF63685000DC8A8 /* SpaceTableViewCell.swift in Sources */ = {isa = PBXBuildFile; fileRef = 147EF8712BF63685000DC8A8 /* SpaceTableViewCell.swift */; };
/* End PBXBuildFile section */

/* Begin PBXFileReference section */
		143B0AF52BF59EBC0028D919 /* ListCollectionViewCell.swift */ = {isa = PBXFileReference; lastKnownFileType = sourcecode.swift; path = ListCollectionViewCell.swift; sourceTree = "<group>"; };
		143B0AF72BF59F830028D919 /* ListVIewModel.swift */ = {isa = PBXFileReference; lastKnownFileType = sourcecode.swift; path = ListVIewModel.swift; sourceTree = "<group>"; };
		14450E9E2BF45381006A02F7 /* RecentSearchTableViewCell.swift */ = {isa = PBXFileReference; lastKnownFileType = sourcecode.swift; path = RecentSearchTableViewCell.swift; sourceTree = "<group>"; };
		14450EA02BF45962006A02F7 /* Extension.swift */ = {isa = PBXFileReference; lastKnownFileType = sourcecode.swift; path = Extension.swift; sourceTree = "<group>"; };
		14450EA22BF474FC006A02F7 /* PaddingLabel.swift */ = {isa = PBXFileReference; lastKnownFileType = sourcecode.swift; path = PaddingLabel.swift; sourceTree = "<group>"; };
		1445AF542BF2F5D40018AE3F /* CustomBounceAnimation.swift */ = {isa = PBXFileReference; lastKnownFileType = sourcecode.swift; path = CustomBounceAnimation.swift; sourceTree = "<group>"; };
		1445AF5C2BF32C5A0018AE3F /* RelatedSearchTableViewCell.swift */ = {isa = PBXFileReference; lastKnownFileType = sourcecode.swift; path = RelatedSearchTableViewCell.swift; sourceTree = "<group>"; };
		1445AF5F2BF32F7E0018AE3F /* DataSource.swift */ = {isa = PBXFileReference; lastKnownFileType = sourcecode.swift; path = DataSource.swift; sourceTree = "<group>"; };
		1445AF642BF350CA0018AE3F /* SearchModel.swift */ = {isa = PBXFileReference; lastKnownFileType = sourcecode.swift; path = SearchModel.swift; sourceTree = "<group>"; };
		1445AF662BF3631D0018AE3F /* SectionHeaderView.swift */ = {isa = PBXFileReference; lastKnownFileType = sourcecode.swift; path = SectionHeaderView.swift; sourceTree = "<group>"; };
		1445AF682BF3784E0018AE3F /* State.swift */ = {isa = PBXFileReference; lastKnownFileType = sourcecode.swift; path = State.swift; sourceTree = "<group>"; };
		146580C72BF1E7EA0093AA81 /* helloWeather.app */ = {isa = PBXFileReference; explicitFileType = wrapper.application; includeInIndex = 0; path = helloWeather.app; sourceTree = BUILT_PRODUCTS_DIR; };
		146580CA2BF1E7EA0093AA81 /* AppDelegate.swift */ = {isa = PBXFileReference; lastKnownFileType = sourcecode.swift; path = AppDelegate.swift; sourceTree = "<group>"; };
		146580CC2BF1E7EA0093AA81 /* SceneDelegate.swift */ = {isa = PBXFileReference; lastKnownFileType = sourcecode.swift; path = SceneDelegate.swift; sourceTree = "<group>"; };
		146580D32BF1E7EB0093AA81 /* Assets.xcassets */ = {isa = PBXFileReference; lastKnownFileType = folder.assetcatalog; path = Assets.xcassets; sourceTree = "<group>"; };
		146580D62BF1E7EB0093AA81 /* Base */ = {isa = PBXFileReference; lastKnownFileType = file.storyboard; name = Base; path = Base.lproj/LaunchScreen.storyboard; sourceTree = "<group>"; };
		146580D82BF1E7EB0093AA81 /* Info.plist */ = {isa = PBXFileReference; lastKnownFileType = text.plist.xml; path = Info.plist; sourceTree = "<group>"; };
		146580DE2BF1E8160093AA81 /* TabViewController.swift */ = {isa = PBXFileReference; lastKnownFileType = sourcecode.swift; path = TabViewController.swift; sourceTree = "<group>"; };
		146580E32BF1E8590093AA81 /* TabViewModel.swift */ = {isa = PBXFileReference; lastKnownFileType = sourcecode.swift; path = TabViewModel.swift; sourceTree = "<group>"; };
		146580E52BF1E8740093AA81 /* TabModel.swift */ = {isa = PBXFileReference; lastKnownFileType = sourcecode.swift; path = TabModel.swift; sourceTree = "<group>"; };
		146580E72BF1E8960093AA81 /* HomeViewController.swift */ = {isa = PBXFileReference; lastKnownFileType = sourcecode.swift; path = HomeViewController.swift; sourceTree = "<group>"; };
		146580E92BF1E8B00093AA81 /* ListViewController.swift */ = {isa = PBXFileReference; lastKnownFileType = sourcecode.swift; path = ListViewController.swift; sourceTree = "<group>"; };
		146580EC2BF1E8D10093AA81 /* SearchViewController.swift */ = {isa = PBXFileReference; lastKnownFileType = sourcecode.swift; path = SearchViewController.swift; sourceTree = "<group>"; };
		146580EE2BF1E8EF0093AA81 /* AlarmViewController.swift */ = {isa = PBXFileReference; lastKnownFileType = sourcecode.swift; path = AlarmViewController.swift; sourceTree = "<group>"; };
		146580FC2BF1F1770093AA81 /* WebServiceManager.swift */ = {isa = PBXFileReference; lastKnownFileType = sourcecode.swift; path = WebServiceManager.swift; sourceTree = "<group>"; };
		146580FE2BF1F1C30093AA81 /* ApiModel.swift */ = {isa = PBXFileReference; lastKnownFileType = sourcecode.swift; path = ApiModel.swift; sourceTree = "<group>"; };
		146581022BF1FB8B0093AA81 /* SearchViewModel.swift */ = {isa = PBXFileReference; lastKnownFileType = sourcecode.swift; path = SearchViewModel.swift; sourceTree = "<group>"; };
		146581042BF21EC40093AA81 /* WeatherAPIModel.swift */ = {isa = PBXFileReference; lastKnownFileType = sourcecode.swift; path = WeatherAPIModel.swift; sourceTree = "<group>"; };
		146581062BF240AF0093AA81 /* KakaoAddressModel.swift */ = {isa = PBXFileReference; lastKnownFileType = sourcecode.swift; path = KakaoAddressModel.swift; sourceTree = "<group>"; };
		1475CFB52BF7015900D0F920 /* CurrentWeatherTableViewCell.swift */ = {isa = PBXFileReference; lastKnownFileType = sourcecode.swift; path = CurrentWeatherTableViewCell.swift; sourceTree = "<group>"; };
		147EF86B2BF62AE4000DC8A8 /* TempListViewController.swift */ = {isa = PBXFileReference; lastKnownFileType = sourcecode.swift; path = TempListViewController.swift; sourceTree = "<group>"; };
		147EF86D2BF62AF4000DC8A8 /* TempListViewModel.swift */ = {isa = PBXFileReference; lastKnownFileType = sourcecode.swift; path = TempListViewModel.swift; sourceTree = "<group>"; };
		147EF86F2BF62F1B000DC8A8 /* ListTableViewCell.swift */ = {isa = PBXFileReference; lastKnownFileType = sourcecode.swift; path = ListTableViewCell.swift; sourceTree = "<group>"; };
		147EF8712BF63685000DC8A8 /* SpaceTableViewCell.swift */ = {isa = PBXFileReference; lastKnownFileType = sourcecode.swift; path = SpaceTableViewCell.swift; sourceTree = "<group>"; };
/* End PBXFileReference section */

/* Begin PBXFrameworksBuildPhase section */
		146580C42BF1E7EA0093AA81 /* Frameworks */ = {
			isa = PBXFrameworksBuildPhase;
			buildActionMask = 2147483647;
			files = (
				1445AF582BF3203E0018AE3F /* RxCocoa in Frameworks */,
				1445AF532BF2F0630018AE3F /* RAMAnimatedTabBarController in Frameworks */,
				146580F82BF1EB4D0093AA81 /* Alamofire in Frameworks */,
				146580FA2BF1EB4D0093AA81 /* AlamofireDynamic in Frameworks */,
				146580F32BF1EB3E0093AA81 /* SnapKit in Frameworks */,
				146580F52BF1EB3E0093AA81 /* SnapKit-Dynamic in Frameworks */,
				1445AF5A2BF3203E0018AE3F /* RxSwift in Frameworks */,
			);
			runOnlyForDeploymentPostprocessing = 0;
		};
/* End PBXFrameworksBuildPhase section */

/* Begin PBXGroup section */
		1445AF5B2BF32C2F0018AE3F /* Cell */ = {
			isa = PBXGroup;
			children = (
				1445AF5C2BF32C5A0018AE3F /* RelatedSearchTableViewCell.swift */,
				1445AF662BF3631D0018AE3F /* SectionHeaderView.swift */,
				14450E9E2BF45381006A02F7 /* RecentSearchTableViewCell.swift */,
				143B0AF52BF59EBC0028D919 /* ListCollectionViewCell.swift */,
				147EF86F2BF62F1B000DC8A8 /* ListTableViewCell.swift */,
				147EF8712BF63685000DC8A8 /* SpaceTableViewCell.swift */,
				1475CFB52BF7015900D0F920 /* CurrentWeatherTableViewCell.swift */,
			);
			path = Cell;
			sourceTree = "<group>";
		};
		1445AF5E2BF32F720018AE3F /* SectionItemModel */ = {
			isa = PBXGroup;
			children = (
				1445AF5F2BF32F7E0018AE3F /* DataSource.swift */,
			);
			path = SectionItemModel;
			sourceTree = "<group>";
		};
		146580BE2BF1E7EA0093AA81 = {
			isa = PBXGroup;
			children = (
				146580C92BF1E7EA0093AA81 /* helloWeather */,
				146580C82BF1E7EA0093AA81 /* Products */,
			);
			sourceTree = "<group>";
		};
		146580C82BF1E7EA0093AA81 /* Products */ = {
			isa = PBXGroup;
			children = (
				146580C72BF1E7EA0093AA81 /* helloWeather.app */,
			);
			name = Products;
			sourceTree = "<group>";
		};
		146580C92BF1E7EA0093AA81 /* helloWeather */ = {
			isa = PBXGroup;
			children = (
				1445AF5E2BF32F720018AE3F /* SectionItemModel */,
				1445AF5B2BF32C2F0018AE3F /* Cell */,
				146580FB2BF1F1560093AA81 /* Manager */,
				146580F02BF1E9BF0093AA81 /* Util */,
				146580E22BF1E83B0093AA81 /* View */,
				146580E12BF1E8330093AA81 /* Model */,
				146580E02BF1E82A0093AA81 /* ViewModel */,
				146580D82BF1E7EB0093AA81 /* Info.plist */,
			);
			path = helloWeather;
			sourceTree = "<group>";
		};
		146580E02BF1E82A0093AA81 /* ViewModel */ = {
			isa = PBXGroup;
			children = (
				146580E32BF1E8590093AA81 /* TabViewModel.swift */,
				146581022BF1FB8B0093AA81 /* SearchViewModel.swift */,
				143B0AF72BF59F830028D919 /* ListVIewModel.swift */,
				147EF86D2BF62AF4000DC8A8 /* TempListViewModel.swift */,
			);
			path = ViewModel;
			sourceTree = "<group>";
		};
		146580E12BF1E8330093AA81 /* Model */ = {
			isa = PBXGroup;
			children = (
				146580E52BF1E8740093AA81 /* TabModel.swift */,
				146580FE2BF1F1C30093AA81 /* ApiModel.swift */,
				146581042BF21EC40093AA81 /* WeatherAPIModel.swift */,
				146581062BF240AF0093AA81 /* KakaoAddressModel.swift */,
				1445AF642BF350CA0018AE3F /* SearchModel.swift */,
				1445AF682BF3784E0018AE3F /* State.swift */,
			);
			path = Model;
			sourceTree = "<group>";
		};
		146580E22BF1E83B0093AA81 /* View */ = {
			isa = PBXGroup;
			children = (
				146580D52BF1E7EB0093AA81 /* LaunchScreen.storyboard */,
				146580DE2BF1E8160093AA81 /* TabViewController.swift */,
				146580E72BF1E8960093AA81 /* HomeViewController.swift */,
				146580E92BF1E8B00093AA81 /* ListViewController.swift */,
				146580EC2BF1E8D10093AA81 /* SearchViewController.swift */,
				146580EE2BF1E8EF0093AA81 /* AlarmViewController.swift */,
				147EF86B2BF62AE4000DC8A8 /* TempListViewController.swift */,
			);
			path = View;
			sourceTree = "<group>";
		};
		146580F02BF1E9BF0093AA81 /* Util */ = {
			isa = PBXGroup;
			children = (
				146580CA2BF1E7EA0093AA81 /* AppDelegate.swift */,
				146580CC2BF1E7EA0093AA81 /* SceneDelegate.swift */,
				146580D32BF1E7EB0093AA81 /* Assets.xcassets */,
				1445AF542BF2F5D40018AE3F /* CustomBounceAnimation.swift */,
				14450EA02BF45962006A02F7 /* Extension.swift */,
				14450EA22BF474FC006A02F7 /* PaddingLabel.swift */,
			);
			path = Util;
			sourceTree = "<group>";
		};
		146580FB2BF1F1560093AA81 /* Manager */ = {
			isa = PBXGroup;
			children = (
				146580FC2BF1F1770093AA81 /* WebServiceManager.swift */,
			);
			path = Manager;
			sourceTree = "<group>";
		};
/* End PBXGroup section */

/* Begin PBXNativeTarget section */
		146580C62BF1E7EA0093AA81 /* helloWeather */ = {
			isa = PBXNativeTarget;
			buildConfigurationList = 146580DB2BF1E7EB0093AA81 /* Build configuration list for PBXNativeTarget "helloWeather" */;
			buildPhases = (
				146580C32BF1E7EA0093AA81 /* Sources */,
				146580C42BF1E7EA0093AA81 /* Frameworks */,
				146580C52BF1E7EA0093AA81 /* Resources */,
			);
			buildRules = (
			);
			dependencies = (
			);
			name = helloWeather;
			packageProductDependencies = (
				146580F22BF1EB3E0093AA81 /* SnapKit */,
				146580F42BF1EB3E0093AA81 /* SnapKit-Dynamic */,
				146580F72BF1EB4D0093AA81 /* Alamofire */,
				146580F92BF1EB4D0093AA81 /* AlamofireDynamic */,
				1445AF522BF2F0630018AE3F /* RAMAnimatedTabBarController */,
				1445AF572BF3203E0018AE3F /* RxCocoa */,
				1445AF592BF3203E0018AE3F /* RxSwift */,
			);
			productName = helloWeather;
			productReference = 146580C72BF1E7EA0093AA81 /* helloWeather.app */;
			productType = "com.apple.product-type.application";
		};
/* End PBXNativeTarget section */

/* Begin PBXProject section */
		146580BF2BF1E7EA0093AA81 /* Project object */ = {
			isa = PBXProject;
			attributes = {
				BuildIndependentTargetsInParallel = 1;
				LastSwiftUpdateCheck = 1530;
				LastUpgradeCheck = 1530;
				TargetAttributes = {
					146580C62BF1E7EA0093AA81 = {
						CreatedOnToolsVersion = 15.3;
					};
				};
			};
			buildConfigurationList = 146580C22BF1E7EA0093AA81 /* Build configuration list for PBXProject "helloWeather" */;
			compatibilityVersion = "Xcode 14.0";
			developmentRegion = en;
			hasScannedForEncodings = 0;
			knownRegions = (
				en,
				Base,
			);
			mainGroup = 146580BE2BF1E7EA0093AA81;
			packageReferences = (
				146580F12BF1EB3E0093AA81 /* XCRemoteSwiftPackageReference "SnapKit" */,
				146580F62BF1EB4D0093AA81 /* XCRemoteSwiftPackageReference "Alamofire" */,
				1445AF512BF2F0630018AE3F /* XCRemoteSwiftPackageReference "animated-tab-bar" */,
				1445AF562BF3203D0018AE3F /* XCRemoteSwiftPackageReference "RxSwift" */,
			);
			productRefGroup = 146580C82BF1E7EA0093AA81 /* Products */;
			projectDirPath = "";
			projectRoot = "";
			targets = (
				146580C62BF1E7EA0093AA81 /* helloWeather */,
			);
		};
/* End PBXProject section */

/* Begin PBXResourcesBuildPhase section */
		146580C52BF1E7EA0093AA81 /* Resources */ = {
			isa = PBXResourcesBuildPhase;
			buildActionMask = 2147483647;
			files = (
				146580D42BF1E7EB0093AA81 /* Assets.xcassets in Resources */,
				146580D72BF1E7EB0093AA81 /* Base in Resources */,
			);
			runOnlyForDeploymentPostprocessing = 0;
		};
/* End PBXResourcesBuildPhase section */

/* Begin PBXSourcesBuildPhase section */
		146580C32BF1E7EA0093AA81 /* Sources */ = {
			isa = PBXSourcesBuildPhase;
			buildActionMask = 2147483647;
			files = (
				146580FD2BF1F1770093AA81 /* WebServiceManager.swift in Sources */,
				147EF86E2BF62AF4000DC8A8 /* TempListViewModel.swift in Sources */,
				146580EF2BF1E8EF0093AA81 /* AlarmViewController.swift in Sources */,
				147EF8722BF63685000DC8A8 /* SpaceTableViewCell.swift in Sources */,
				1445AF652BF350CA0018AE3F /* SearchModel.swift in Sources */,
				1445AF692BF3784E0018AE3F /* State.swift in Sources */,
				1475CFB62BF7015900D0F920 /* CurrentWeatherTableViewCell.swift in Sources */,
				146580DF2BF1E8160093AA81 /* TabViewController.swift in Sources */,
				1445AF672BF3631D0018AE3F /* SectionHeaderView.swift in Sources */,
				146581052BF21EC40093AA81 /* WeatherAPIModel.swift in Sources */,
				146580CB2BF1E7EA0093AA81 /* AppDelegate.swift in Sources */,
				1445AF5D2BF32C5A0018AE3F /* RelatedSearchTableViewCell.swift in Sources */,
				146580ED2BF1E8D10093AA81 /* SearchViewController.swift in Sources */,
				146581032BF1FB8B0093AA81 /* SearchViewModel.swift in Sources */,
				146580FF2BF1F1C30093AA81 /* ApiModel.swift in Sources */,
				143B0AF82BF59F830028D919 /* ListVIewModel.swift in Sources */,
				146580E62BF1E8740093AA81 /* TabModel.swift in Sources */,
				146580CD2BF1E7EA0093AA81 /* SceneDelegate.swift in Sources */,
				14450E9F2BF45381006A02F7 /* RecentSearchTableViewCell.swift in Sources */,
				14450EA12BF45962006A02F7 /* Extension.swift in Sources */,
				14450EA32BF474FC006A02F7 /* PaddingLabel.swift in Sources */,
				146580E82BF1E8960093AA81 /* HomeViewController.swift in Sources */,
				143B0AF62BF59EBC0028D919 /* ListCollectionViewCell.swift in Sources */,
				147EF8702BF62F1B000DC8A8 /* ListTableViewCell.swift in Sources */,
				1445AF602BF32F7E0018AE3F /* DataSource.swift in Sources */,
				146580EA2BF1E8B00093AA81 /* ListViewController.swift in Sources */,
				1445AF552BF2F5D40018AE3F /* CustomBounceAnimation.swift in Sources */,
				146580E42BF1E8590093AA81 /* TabViewModel.swift in Sources */,
				147EF86C2BF62AE4000DC8A8 /* TempListViewController.swift in Sources */,
				146581072BF240AF0093AA81 /* KakaoAddressModel.swift in Sources */,
			);
			runOnlyForDeploymentPostprocessing = 0;
		};
/* End PBXSourcesBuildPhase section */

/* Begin PBXVariantGroup section */
		146580D52BF1E7EB0093AA81 /* LaunchScreen.storyboard */ = {
			isa = PBXVariantGroup;
			children = (
				146580D62BF1E7EB0093AA81 /* Base */,
			);
			name = LaunchScreen.storyboard;
			sourceTree = "<group>";
		};
/* End PBXVariantGroup section */

/* Begin XCBuildConfiguration section */
		146580D92BF1E7EB0093AA81 /* Debug */ = {
			isa = XCBuildConfiguration;
			buildSettings = {
				ALWAYS_SEARCH_USER_PATHS = NO;
				ASSETCATALOG_COMPILER_GENERATE_SWIFT_ASSET_SYMBOL_EXTENSIONS = YES;
				CLANG_ANALYZER_NONNULL = YES;
				CLANG_ANALYZER_NUMBER_OBJECT_CONVERSION = YES_AGGRESSIVE;
				CLANG_CXX_LANGUAGE_STANDARD = "gnu++20";
				CLANG_ENABLE_MODULES = YES;
				CLANG_ENABLE_OBJC_ARC = YES;
				CLANG_ENABLE_OBJC_WEAK = YES;
				CLANG_WARN_BLOCK_CAPTURE_AUTORELEASING = YES;
				CLANG_WARN_BOOL_CONVERSION = YES;
				CLANG_WARN_COMMA = YES;
				CLANG_WARN_CONSTANT_CONVERSION = YES;
				CLANG_WARN_DEPRECATED_OBJC_IMPLEMENTATIONS = YES;
				CLANG_WARN_DIRECT_OBJC_ISA_USAGE = YES_ERROR;
				CLANG_WARN_DOCUMENTATION_COMMENTS = YES;
				CLANG_WARN_EMPTY_BODY = YES;
				CLANG_WARN_ENUM_CONVERSION = YES;
				CLANG_WARN_INFINITE_RECURSION = YES;
				CLANG_WARN_INT_CONVERSION = YES;
				CLANG_WARN_NON_LITERAL_NULL_CONVERSION = YES;
				CLANG_WARN_OBJC_IMPLICIT_RETAIN_SELF = YES;
				CLANG_WARN_OBJC_LITERAL_CONVERSION = YES;
				CLANG_WARN_OBJC_ROOT_CLASS = YES_ERROR;
				CLANG_WARN_QUOTED_INCLUDE_IN_FRAMEWORK_HEADER = YES;
				CLANG_WARN_RANGE_LOOP_ANALYSIS = YES;
				CLANG_WARN_STRICT_PROTOTYPES = YES;
				CLANG_WARN_SUSPICIOUS_MOVE = YES;
				CLANG_WARN_UNGUARDED_AVAILABILITY = YES_AGGRESSIVE;
				CLANG_WARN_UNREACHABLE_CODE = YES;
				CLANG_WARN__DUPLICATE_METHOD_MATCH = YES;
				COPY_PHASE_STRIP = NO;
				DEBUG_INFORMATION_FORMAT = dwarf;
				ENABLE_STRICT_OBJC_MSGSEND = YES;
				ENABLE_TESTABILITY = YES;
				ENABLE_USER_SCRIPT_SANDBOXING = YES;
				GCC_C_LANGUAGE_STANDARD = gnu17;
				GCC_DYNAMIC_NO_PIC = NO;
				GCC_NO_COMMON_BLOCKS = YES;
				GCC_OPTIMIZATION_LEVEL = 0;
				GCC_PREPROCESSOR_DEFINITIONS = (
					"DEBUG=1",
					"$(inherited)",
				);
				GCC_WARN_64_TO_32_BIT_CONVERSION = YES;
				GCC_WARN_ABOUT_RETURN_TYPE = YES_ERROR;
				GCC_WARN_UNDECLARED_SELECTOR = YES;
				GCC_WARN_UNINITIALIZED_AUTOS = YES_AGGRESSIVE;
				GCC_WARN_UNUSED_FUNCTION = YES;
				GCC_WARN_UNUSED_VARIABLE = YES;
				IPHONEOS_DEPLOYMENT_TARGET = 17.4;
				LOCALIZATION_PREFERS_STRING_CATALOGS = YES;
				MTL_ENABLE_DEBUG_INFO = INCLUDE_SOURCE;
				MTL_FAST_MATH = YES;
				ONLY_ACTIVE_ARCH = YES;
				SDKROOT = iphoneos;
				SWIFT_ACTIVE_COMPILATION_CONDITIONS = "DEBUG $(inherited)";
				SWIFT_OPTIMIZATION_LEVEL = "-Onone";
			};
			name = Debug;
		};
		146580DA2BF1E7EB0093AA81 /* Release */ = {
			isa = XCBuildConfiguration;
			buildSettings = {
				ALWAYS_SEARCH_USER_PATHS = NO;
				ASSETCATALOG_COMPILER_GENERATE_SWIFT_ASSET_SYMBOL_EXTENSIONS = YES;
				CLANG_ANALYZER_NONNULL = YES;
				CLANG_ANALYZER_NUMBER_OBJECT_CONVERSION = YES_AGGRESSIVE;
				CLANG_CXX_LANGUAGE_STANDARD = "gnu++20";
				CLANG_ENABLE_MODULES = YES;
				CLANG_ENABLE_OBJC_ARC = YES;
				CLANG_ENABLE_OBJC_WEAK = YES;
				CLANG_WARN_BLOCK_CAPTURE_AUTORELEASING = YES;
				CLANG_WARN_BOOL_CONVERSION = YES;
				CLANG_WARN_COMMA = YES;
				CLANG_WARN_CONSTANT_CONVERSION = YES;
				CLANG_WARN_DEPRECATED_OBJC_IMPLEMENTATIONS = YES;
				CLANG_WARN_DIRECT_OBJC_ISA_USAGE = YES_ERROR;
				CLANG_WARN_DOCUMENTATION_COMMENTS = YES;
				CLANG_WARN_EMPTY_BODY = YES;
				CLANG_WARN_ENUM_CONVERSION = YES;
				CLANG_WARN_INFINITE_RECURSION = YES;
				CLANG_WARN_INT_CONVERSION = YES;
				CLANG_WARN_NON_LITERAL_NULL_CONVERSION = YES;
				CLANG_WARN_OBJC_IMPLICIT_RETAIN_SELF = YES;
				CLANG_WARN_OBJC_LITERAL_CONVERSION = YES;
				CLANG_WARN_OBJC_ROOT_CLASS = YES_ERROR;
				CLANG_WARN_QUOTED_INCLUDE_IN_FRAMEWORK_HEADER = YES;
				CLANG_WARN_RANGE_LOOP_ANALYSIS = YES;
				CLANG_WARN_STRICT_PROTOTYPES = YES;
				CLANG_WARN_SUSPICIOUS_MOVE = YES;
				CLANG_WARN_UNGUARDED_AVAILABILITY = YES_AGGRESSIVE;
				CLANG_WARN_UNREACHABLE_CODE = YES;
				CLANG_WARN__DUPLICATE_METHOD_MATCH = YES;
				COPY_PHASE_STRIP = NO;
				DEBUG_INFORMATION_FORMAT = "dwarf-with-dsym";
				ENABLE_NS_ASSERTIONS = NO;
				ENABLE_STRICT_OBJC_MSGSEND = YES;
				ENABLE_USER_SCRIPT_SANDBOXING = YES;
				GCC_C_LANGUAGE_STANDARD = gnu17;
				GCC_NO_COMMON_BLOCKS = YES;
				GCC_WARN_64_TO_32_BIT_CONVERSION = YES;
				GCC_WARN_ABOUT_RETURN_TYPE = YES_ERROR;
				GCC_WARN_UNDECLARED_SELECTOR = YES;
				GCC_WARN_UNINITIALIZED_AUTOS = YES_AGGRESSIVE;
				GCC_WARN_UNUSED_FUNCTION = YES;
				GCC_WARN_UNUSED_VARIABLE = YES;
				IPHONEOS_DEPLOYMENT_TARGET = 17.4;
				LOCALIZATION_PREFERS_STRING_CATALOGS = YES;
				MTL_ENABLE_DEBUG_INFO = NO;
				MTL_FAST_MATH = YES;
				SDKROOT = iphoneos;
				SWIFT_COMPILATION_MODE = wholemodule;
				VALIDATE_PRODUCT = YES;
			};
			name = Release;
		};
		146580DC2BF1E7EB0093AA81 /* Debug */ = {
			isa = XCBuildConfiguration;
			buildSettings = {
				ASSETCATALOG_COMPILER_APPICON_NAME = AppIcon;
				ASSETCATALOG_COMPILER_GLOBAL_ACCENT_COLOR_NAME = AccentColor;
				CODE_SIGN_STYLE = Automatic;
				CURRENT_PROJECT_VERSION = 1;
				DEVELOPMENT_TEAM = 27X8924SNC;
				GENERATE_INFOPLIST_FILE = YES;
				INFOPLIST_FILE = helloWeather/Info.plist;
				INFOPLIST_KEY_UIApplicationSupportsIndirectInputEvents = YES;
				INFOPLIST_KEY_UILaunchStoryboardName = LaunchScreen;
				INFOPLIST_KEY_UISupportedInterfaceOrientations_iPad = "UIInterfaceOrientationPortrait UIInterfaceOrientationPortraitUpsideDown UIInterfaceOrientationLandscapeLeft UIInterfaceOrientationLandscapeRight";
				INFOPLIST_KEY_UISupportedInterfaceOrientations_iPhone = "UIInterfaceOrientationPortrait UIInterfaceOrientationLandscapeLeft UIInterfaceOrientationLandscapeRight";
				LD_RUNPATH_SEARCH_PATHS = (
					"$(inherited)",
					"@executable_path/Frameworks",
				);
				MARKETING_VERSION = 1.0;
				PRODUCT_BUNDLE_IDENTIFIER = com.seungwon.helloWeather;
				PRODUCT_NAME = "$(TARGET_NAME)";
				SWIFT_EMIT_LOC_STRINGS = YES;
				SWIFT_VERSION = 5.0;
				TARGETED_DEVICE_FAMILY = "1,2";
			};
			name = Debug;
		};
		146580DD2BF1E7EB0093AA81 /* Release */ = {
			isa = XCBuildConfiguration;
			buildSettings = {
				ASSETCATALOG_COMPILER_APPICON_NAME = AppIcon;
				ASSETCATALOG_COMPILER_GLOBAL_ACCENT_COLOR_NAME = AccentColor;
				CODE_SIGN_STYLE = Automatic;
				CURRENT_PROJECT_VERSION = 1;
				DEVELOPMENT_TEAM = 27X8924SNC;
				GENERATE_INFOPLIST_FILE = YES;
				INFOPLIST_FILE = helloWeather/Info.plist;
				INFOPLIST_KEY_UIApplicationSupportsIndirectInputEvents = YES;
				INFOPLIST_KEY_UILaunchStoryboardName = LaunchScreen;
				INFOPLIST_KEY_UISupportedInterfaceOrientations_iPad = "UIInterfaceOrientationPortrait UIInterfaceOrientationPortraitUpsideDown UIInterfaceOrientationLandscapeLeft UIInterfaceOrientationLandscapeRight";
				INFOPLIST_KEY_UISupportedInterfaceOrientations_iPhone = "UIInterfaceOrientationPortrait UIInterfaceOrientationLandscapeLeft UIInterfaceOrientationLandscapeRight";
				LD_RUNPATH_SEARCH_PATHS = (
					"$(inherited)",
					"@executable_path/Frameworks",
				);
				MARKETING_VERSION = 1.0;
				PRODUCT_BUNDLE_IDENTIFIER = com.seungwon.helloWeather;
				PRODUCT_NAME = "$(TARGET_NAME)";
				SWIFT_EMIT_LOC_STRINGS = YES;
				SWIFT_VERSION = 5.0;
				TARGETED_DEVICE_FAMILY = "1,2";
			};
			name = Release;
		};
/* End XCBuildConfiguration section */

/* Begin XCConfigurationList section */
		146580C22BF1E7EA0093AA81 /* Build configuration list for PBXProject "helloWeather" */ = {
			isa = XCConfigurationList;
			buildConfigurations = (
				146580D92BF1E7EB0093AA81 /* Debug */,
				146580DA2BF1E7EB0093AA81 /* Release */,
			);
			defaultConfigurationIsVisible = 0;
			defaultConfigurationName = Release;
		};
		146580DB2BF1E7EB0093AA81 /* Build configuration list for PBXNativeTarget "helloWeather" */ = {
			isa = XCConfigurationList;
			buildConfigurations = (
				146580DC2BF1E7EB0093AA81 /* Debug */,
				146580DD2BF1E7EB0093AA81 /* Release */,
			);
			defaultConfigurationIsVisible = 0;
			defaultConfigurationName = Release;
		};
/* End XCConfigurationList section */

/* Begin XCRemoteSwiftPackageReference section */
		1445AF512BF2F0630018AE3F /* XCRemoteSwiftPackageReference "animated-tab-bar" */ = {
			isa = XCRemoteSwiftPackageReference;
			repositoryURL = "https://github.com/Ramotion/animated-tab-bar.git";
			requirement = {
				kind = upToNextMajorVersion;
				minimumVersion = 5.2.0;
			};
		};
		1445AF562BF3203D0018AE3F /* XCRemoteSwiftPackageReference "RxSwift" */ = {
			isa = XCRemoteSwiftPackageReference;
			repositoryURL = "https://github.com/ReactiveX/RxSwift";
			requirement = {
				kind = upToNextMajorVersion;
				minimumVersion = 6.7.1;
			};
		};
		146580F12BF1EB3E0093AA81 /* XCRemoteSwiftPackageReference "SnapKit" */ = {
			isa = XCRemoteSwiftPackageReference;
			repositoryURL = "https://github.com/SnapKit/SnapKit.git";
			requirement = {
				kind = upToNextMajorVersion;
				minimumVersion = 5.7.1;
			};
		};
		146580F62BF1EB4D0093AA81 /* XCRemoteSwiftPackageReference "Alamofire" */ = {
			isa = XCRemoteSwiftPackageReference;
			repositoryURL = "https://github.com/Alamofire/Alamofire";
			requirement = {
				kind = upToNextMajorVersion;
				minimumVersion = 5.9.1;
			};
		};
/* End XCRemoteSwiftPackageReference section */

/* Begin XCSwiftPackageProductDependency section */
		1445AF522BF2F0630018AE3F /* RAMAnimatedTabBarController */ = {
			isa = XCSwiftPackageProductDependency;
			package = 1445AF512BF2F0630018AE3F /* XCRemoteSwiftPackageReference "animated-tab-bar" */;
			productName = RAMAnimatedTabBarController;
		};
		1445AF572BF3203E0018AE3F /* RxCocoa */ = {
			isa = XCSwiftPackageProductDependency;
			package = 1445AF562BF3203D0018AE3F /* XCRemoteSwiftPackageReference "RxSwift" */;
			productName = RxCocoa;
		};
		1445AF592BF3203E0018AE3F /* RxSwift */ = {
			isa = XCSwiftPackageProductDependency;
			package = 1445AF562BF3203D0018AE3F /* XCRemoteSwiftPackageReference "RxSwift" */;
			productName = RxSwift;
		};
		146580F22BF1EB3E0093AA81 /* SnapKit */ = {
			isa = XCSwiftPackageProductDependency;
			package = 146580F12BF1EB3E0093AA81 /* XCRemoteSwiftPackageReference "SnapKit" */;
			productName = SnapKit;
		};
		146580F42BF1EB3E0093AA81 /* SnapKit-Dynamic */ = {
			isa = XCSwiftPackageProductDependency;
			package = 146580F12BF1EB3E0093AA81 /* XCRemoteSwiftPackageReference "SnapKit" */;
			productName = "SnapKit-Dynamic";
		};
		146580F72BF1EB4D0093AA81 /* Alamofire */ = {
			isa = XCSwiftPackageProductDependency;
			package = 146580F62BF1EB4D0093AA81 /* XCRemoteSwiftPackageReference "Alamofire" */;
			productName = Alamofire;
		};
		146580F92BF1EB4D0093AA81 /* AlamofireDynamic */ = {
			isa = XCSwiftPackageProductDependency;
			package = 146580F62BF1EB4D0093AA81 /* XCRemoteSwiftPackageReference "Alamofire" */;
			productName = AlamofireDynamic;
		};
/* End XCSwiftPackageProductDependency section */
	};
	rootObject = 146580BF2BF1E7EA0093AA81 /* Project object */;
}
